
Microsoft Visual Studio Solution File, Format Version 12.00
Project("{FAE04EC0-301F-11D3-BF4B-00C04F79EFBC}") = "Plugin.Maui.BottomSheet", "Plugin.Maui.BottomSheet\Plugin.Maui.BottomSheet.csproj", "{5C5EE860-259B-4E5E-BAF8-852668297B64}"
EndProject
Project("{2150E333-8FDC-42A3-9474-1A3956D46DE8}") = "SolutionItems", "SolutionItems", "{AB2DE92E-353D-4004-8539-3B67E4491E76}"
	ProjectSection(SolutionItems) = preProject
		..\..\Directory.Build.targets = ..\..\Directory.Build.targets
	EndProjectSection
EndProject
Project("{2150E333-8FDC-42A3-9474-1A3956D46DE8}") = "tests", "tests", "{D75CD494-8DA2-47BE-ADB6-1022CC019720}"
EndProject
Project("{FAE04EC0-301F-11D3-BF4B-00C04F79EFBC}") = "Plugin.Maui.BottomSheet.Tests.Application", "..\..\tests\Plugin.Maui.BottomSheet.Tests.Application\Plugin.Maui.BottomSheet.Tests.Application.csproj", "{C104B7AE-9E2E-4FED-A471-86B675947A23}"
EndProject
Project("{FAE04EC0-301F-11D3-BF4B-00C04F79EFBC}") = "Plugin.Maui.BottomSheet.Tests", "..\..\tests\Plugin.Maui.BottomSheet.Tests\Plugin.Maui.BottomSheet.Tests.csproj", "{029E7314-890D-4798-AEDA-C2BC3FDA3778}"
EndProject
Project("{FAE04EC0-301F-11D3-BF4B-00C04F79EFBC}") = "Plugin.BottomSheet.Android", "..\Plugin.BottomSheet.Android\Plugin.BottomSheet.Android.csproj", "{F886FBE6-9C21-43D8-8898-C2282F113F58}"
EndProject
Project("{FAE04EC0-301F-11D3-BF4B-00C04F79EFBC}") = "Plugin.BottomSheet", "..\Plugin.BottomSheet\Plugin.BottomSheet.csproj", "{BB5092A8-4939-421F-97B8-DC98EDA27AC7}"
EndProject
Project("{2150E333-8FDC-42A3-9474-1A3956D46DE8}") = "Unit", "Unit", "{39A61328-FEF9-45A0-AAEC-AB50554FA4F8}"
EndProject
Project("{2150E333-8FDC-42A3-9474-1A3956D46DE8}") = "UI", "UI", "{95CE0426-6FD9-4C0C-AA9E-00E8C72603BC}"
EndProject
Project("{2150E333-8FDC-42A3-9474-1A3956D46DE8}") = "Maui", "Maui", "{366DB2F5-23FA-4DC1-A6C5-BC34A1488F4B}"
EndProject
Project("{FAE04EC0-301F-11D3-BF4B-00C04F79EFBC}") = "Plugin.BottomSheet.Tests", "..\..\tests\UI\MAUI\Plugin.BottomSheet.Tests\Plugin.BottomSheet.Tests.csproj", "{7959C7D9-5F48-4E29-BC94-6077A29ECEF7}"
EndProject
Project("{FAE04EC0-301F-11D3-BF4B-00C04F79EFBC}") = "Plugin.BottomSheet.Tests.Android", "..\..\tests\UI\MAUI\Plugin.BottomSheet.Tests.Android\Plugin.BottomSheet.Tests.Android.csproj", "{0A69BE49-90C6-4D50-ACEC-98AAB8CE6036}"
EndProject
Global
	GlobalSection(SolutionConfigurationPlatforms) = preSolution
		Debug|Any CPU = Debug|Any CPU
		Release|Any CPU = Release|Any CPU
	EndGlobalSection
	GlobalSection(ProjectConfigurationPlatforms) = postSolution
		{5C5EE860-259B-4E5E-BAF8-852668297B64}.Debug|Any CPU.ActiveCfg = Debug|Any CPU
		{5C5EE860-259B-4E5E-BAF8-852668297B64}.Debug|Any CPU.Build.0 = Debug|Any CPU
		{5C5EE860-259B-4E5E-BAF8-852668297B64}.Release|Any CPU.ActiveCfg = Release|Any CPU
		{5C5EE860-259B-4E5E-BAF8-852668297B64}.Release|Any CPU.Build.0 = Release|Any CPU
		{C104B7AE-9E2E-4FED-A471-86B675947A23}.Debug|Any CPU.ActiveCfg = Debug|Any CPU
		{C104B7AE-9E2E-4FED-A471-86B675947A23}.Debug|Any CPU.Build.0 = Debug|Any CPU
		{C104B7AE-9E2E-4FED-A471-86B675947A23}.Release|Any CPU.ActiveCfg = Release|Any CPU
		{C104B7AE-9E2E-4FED-A471-86B675947A23}.Release|Any CPU.Build.0 = Release|Any CPU
		{C104B7AE-9E2E-4FED-A471-86B675947A23}.Debug|Any CPU.Deploy.0 = Debug|Any CPU
		{029E7314-890D-4798-AEDA-C2BC3FDA3778}.Debug|Any CPU.ActiveCfg = Debug|Any CPU
		{029E7314-890D-4798-AEDA-C2BC3FDA3778}.Debug|Any CPU.Build.0 = Debug|Any CPU
		{029E7314-890D-4798-AEDA-C2BC3FDA3778}.Release|Any CPU.ActiveCfg = Release|Any CPU
		{029E7314-890D-4798-AEDA-C2BC3FDA3778}.Release|Any CPU.Build.0 = Release|Any CPU
		{F886FBE6-9C21-43D8-8898-C2282F113F58}.Debug|Any CPU.ActiveCfg = Debug|Any CPU
		{F886FBE6-9C21-43D8-8898-C2282F113F58}.Debug|Any CPU.Build.0 = Debug|Any CPU
		{F886FBE6-9C21-43D8-8898-C2282F113F58}.Release|Any CPU.ActiveCfg = Release|Any CPU
		{F886FBE6-9C21-43D8-8898-C2282F113F58}.Release|Any CPU.Build.0 = Release|Any CPU
		{BB5092A8-4939-421F-97B8-DC98EDA27AC7}.Debug|Any CPU.ActiveCfg = Debug|Any CPU
		{BB5092A8-4939-421F-97B8-DC98EDA27AC7}.Debug|Any CPU.Build.0 = Debug|Any CPU
		{BB5092A8-4939-421F-97B8-DC98EDA27AC7}.Release|Any CPU.ActiveCfg = Release|Any CPU
		{BB5092A8-4939-421F-97B8-DC98EDA27AC7}.Release|Any CPU.Build.0 = Release|Any CPU
		{7959C7D9-5F48-4E29-BC94-6077A29ECEF7}.Debug|Any CPU.ActiveCfg = Debug|Any CPU
		{7959C7D9-5F48-4E29-BC94-6077A29ECEF7}.Debug|Any CPU.Build.0 = Debug|Any CPU
		{7959C7D9-5F48-4E29-BC94-6077A29ECEF7}.Release|Any CPU.ActiveCfg = Release|Any CPU
		{7959C7D9-5F48-4E29-BC94-6077A29ECEF7}.Release|Any CPU.Build.0 = Release|Any CPU
		{0A69BE49-90C6-4D50-ACEC-98AAB8CE6036}.Debug|Any CPU.ActiveCfg = Debug|Any CPU
		{0A69BE49-90C6-4D50-ACEC-98AAB8CE6036}.Debug|Any CPU.Build.0 = Debug|Any CPU
		{0A69BE49-90C6-4D50-ACEC-98AAB8CE6036}.Release|Any CPU.ActiveCfg = Release|Any CPU
		{0A69BE49-90C6-4D50-ACEC-98AAB8CE6036}.Release|Any CPU.Build.0 = Release|Any CPU
	EndGlobalSection
	GlobalSection(NestedProjects) = preSolution
		{39A61328-FEF9-45A0-AAEC-AB50554FA4F8} = {D75CD494-8DA2-47BE-ADB6-1022CC019720}
		{C104B7AE-9E2E-4FED-A471-86B675947A23} = {39A61328-FEF9-45A0-AAEC-AB50554FA4F8}
		{029E7314-890D-4798-AEDA-C2BC3FDA3778} = {39A61328-FEF9-45A0-AAEC-AB50554FA4F8}
		{95CE0426-6FD9-4C0C-AA9E-00E8C72603BC} = {D75CD494-8DA2-47BE-ADB6-1022CC019720}
		{366DB2F5-23FA-4DC1-A6C5-BC34A1488F4B} = {95CE0426-6FD9-4C0C-AA9E-00E8C72603BC}
		{7959C7D9-5F48-4E29-BC94-6077A29ECEF7} = {366DB2F5-23FA-4DC1-A6C5-BC34A1488F4B}
		{0A69BE49-90C6-4D50-ACEC-98AAB8CE6036} = {366DB2F5-23FA-4DC1-A6C5-BC34A1488F4B}
	EndGlobalSection
EndGlobal
