
Microsoft Visual Studio Solution File, Format Version 12.00
# Visual Studio Version 17
VisualStudioVersion = 17.8.34309.116
MinimumVisualStudioVersion = 10.0.40219.1
Project("{9A19103F-16F7-4668-BE54-9A1E7A4F7556}") = "Maui.BottomSheet.Sample", "Maui.BottomSheet.Sample\Maui.BottomSheet.Sample.csproj", "{83D79EE4-DFB8-4FE1-834C-58D3A2F12DAD}"
EndProject
Project("{9A19103F-16F7-4668-BE54-9A1E7A4F7556}") = "Maui.BottomSheet", "..\..\src\Maui.BottomSheet\Maui.BottomSheet\Maui.BottomSheet.csproj", "{AE5BD2E6-DCD2-487B-A417-4693A9283184}"
EndProject
Global
	GlobalSection(SolutionConfigurationPlatforms) = preSolution
		Debug|Any CPU = Debug|Any CPU
		Release|Any CPU = Release|Any CPU
	EndGlobalSection
	GlobalSection(ProjectConfigurationPlatforms) = postSolution
		{83D79EE4-DFB8-4FE1-834C-58D3A2F12DAD}.Debug|Any CPU.ActiveCfg = Debug|Any CPU
		{83D79EE4-DFB8-4FE1-834C-58D3A2F12DAD}.Debug|Any CPU.Build.0 = Debug|Any CPU
		{83D79EE4-DFB8-4FE1-834C-58D3A2F12DAD}.Debug|Any CPU.Deploy.0 = Debug|Any CPU
		{83D79EE4-DFB8-4FE1-834C-58D3A2F12DAD}.Release|Any CPU.ActiveCfg = Release|Any CPU
		{83D79EE4-DFB8-4FE1-834C-58D3A2F12DAD}.Release|Any CPU.Build.0 = Release|Any CPU
		{83D79EE4-DFB8-4FE1-834C-58D3A2F12DAD}.Release|Any CPU.Deploy.0 = Release|Any CPU
		{AE5BD2E6-DCD2-487B-A417-4693A9283184}.Debug|Any CPU.ActiveCfg = Debug|Any CPU
		{AE5BD2E6-DCD2-487B-A417-4693A9283184}.Debug|Any CPU.Build.0 = Debug|Any CPU
		{AE5BD2E6-DCD2-487B-A417-4693A9283184}.Release|Any CPU.ActiveCfg = Release|Any CPU
		{AE5BD2E6-DCD2-487B-A417-4693A9283184}.Release|Any CPU.Build.0 = Release|Any CPU
	EndGlobalSection
	GlobalSection(SolutionProperties) = preSolution
		HideSolutionNode = FALSE
	EndGlobalSection
	GlobalSection(ExtensibilityGlobals) = postSolution
		SolutionGuid = {0285BA11-B2AA-4D68-A695-491C0AB176D4}
	EndGlobalSection
EndGlobal
