
Microsoft Visual Studio Solution File, Format Version 12.00
# Visual Studio Version 17
VisualStudioVersion = 17.14.36202.13
MinimumVisualStudioVersion = 10.0.40219.1
Project("{FAE04EC0-301F-11D3-BF4B-00C04F79EFBC}") = "Plugin.BottomSheet.Android", "..\src\Plugin.BottomSheet.Android\Plugin.BottomSheet.Android.csproj", "{8EA160D4-5DA4-FC66-872A-AA9C971FC114}"
EndProject
Project("{FAE04EC0-301F-11D3-BF4B-00C04F79EFBC}") = "Plugin.BottomSheet", "..\src\Plugin.BottomSheet\Plugin.BottomSheet.csproj", "{BAA8EADB-995F-B0FE-9962-1F6DECD47D83}"
EndProject
Global
	GlobalSection(SolutionConfigurationPlatforms) = preSolution
		Debug|Any CPU = Debug|Any CPU
		Release|Any CPU = Release|Any CPU
	EndGlobalSection
	GlobalSection(ProjectConfigurationPlatforms) = postSolution
		{8EA160D4-5DA4-FC66-872A-AA9C971FC114}.Debug|Any CPU.ActiveCfg = Debug|Any CPU
		{8EA160D4-5DA4-FC66-872A-AA9C971FC114}.Debug|Any CPU.Build.0 = Debug|Any CPU
		{8EA160D4-5DA4-FC66-872A-AA9C971FC114}.Release|Any CPU.ActiveCfg = Release|Any CPU
		{8EA160D4-5DA4-FC66-872A-AA9C971FC114}.Release|Any CPU.Build.0 = Release|Any CPU
		{BAA8EADB-995F-B0FE-9962-1F6DECD47D83}.Debug|Any CPU.ActiveCfg = Debug|Any CPU
		{BAA8EADB-995F-B0FE-9962-1F6DECD47D83}.Debug|Any CPU.Build.0 = Debug|Any CPU
		{BAA8EADB-995F-B0FE-9962-1F6DECD47D83}.Release|Any CPU.ActiveCfg = Release|Any CPU
		{BAA8EADB-995F-B0FE-9962-1F6DECD47D83}.Release|Any CPU.Build.0 = Release|Any CPU
	EndGlobalSection
	GlobalSection(SolutionProperties) = preSolution
		HideSolutionNode = FALSE
	EndGlobalSection
	GlobalSection(ExtensibilityGlobals) = postSolution
		SolutionGuid = {A4939291-B852-405D-BDE5-55414F1E9C3D}
	EndGlobalSection
EndGlobal
